<?xml version="1.0" encoding="UTF-8" standalone="yes" ?>
<CodeBlocks_project_file>
	<FileVersion major="1" minor="6" />
	<Project>
		<Option title="Empresa" />
		<Option pch_mode="2" />
		<Option compiler="gcc" />
		<Build>
			<Target title="Debug">
				<Option output="bin/Debug/Empresa" prefix_auto="1" extension_auto="1" />
				<Option object_output="obj/Debug/" />
				<Option type="1" />
				<Option compiler="gcc" />
				<Compiler>
					<Add option="-g" />
					<Add directory="include" />
				</Compiler>
			</Target>
			<Target title="Release">
				<Option output="bin/Release/Empresa" prefix_auto="1" extension_auto="1" />
				<Option object_output="obj/Release/" />
				<Option type="1" />
				<Option compiler="gcc" />
				<Compiler>
					<Add option="-O2" />
					<Add directory="include" />
				</Compiler>
				<Linker>
					<Add option="-s" />
				</Linker>
			</Target>
		</Build>
		<Compiler>
			<Add option="-Wall" />
			<Add option="-fexceptions" />
		</Compiler>
		<Unit filename="include/Clientes.h" />
		<Unit filename="include/ContasPagar.h" />
		<Unit filename="include/ContasReceber.h" />
		<Unit filename="include/DadosContas.h" />
		<Unit filename="include/DadosPessoais.h" />
		<Unit filename="include/Fornecedor.h" />
		<Unit filename="include/InterfaceCadastroClientes.h" />
		<Unit filename="include/InterfaceCadastroContasPagar.h" />
		<Unit filename="include/InterfaceCadastroContasReceber.h" />
		<Unit filename="include/InterfaceCadastroFornecedores.h" />
		<Unit filename="include/InterfacePrincipal.h" />
		<Unit filename="include/ListaClientes.h" />
		<Unit filename="include/ListaContasPagar.h" />
		<Unit filename="include/ListaContasReceber.h" />
		<Unit filename="include/ListaFornecedores.h" />
		<Unit filename="include/NoListaClientes.h" />
		<Unit filename="include/NoListaContasPagar.h" />
		<Unit filename="include/NoListaContasReceber.h" />
		<Unit filename="include/NoListaFornecedor.h" />
		<Unit filename="main.cpp" />
		<Unit filename="src/Clientes.cpp" />
		<Unit filename="src/ContasPagar.cpp" />
		<Unit filename="src/ContasReceber.cpp" />
		<Unit filename="src/DadosContas.cpp" />
		<Unit filename="src/DadosPessoais.cpp" />
		<Unit filename="src/Fornecedor.cpp" />
		<Unit filename="src/InterfaceCadastroClientes.cpp" />
		<Unit filename="src/InterfaceCadastroContasPagar.cpp" />
		<Unit filename="src/InterfaceCadastroContasReceber.cpp" />
		<Unit filename="src/InterfaceCadastroFornecedores.cpp" />
		<Unit filename="src/InterfacePrincipal.cpp" />
		<Unit filename="src/ListaClientes.cpp" />
		<Unit filename="src/ListaContasPagar.cpp" />
		<Unit filename="src/ListaContasReceber.cpp" />
		<Unit filename="src/ListaFornecedores.cpp" />
		<Unit filename="src/NoListaClientes.cpp" />
		<Unit filename="src/NoListaContasPagar.cpp" />
		<Unit filename="src/NoListaContasReceber.cpp" />
		<Unit filename="src/NoListaFornecedor.cpp" />
		<Extensions>
			<code_completion />
			<envvars />
			<debugger />
			<lib_finder disable_auto="1" />
		</Extensions>
	</Project>
</CodeBlocks_project_file>
